<?xml version="1.0" encoding="utf-8"?>
<Project ToolsVersion="4.0" xmlns="http://schemas.microsoft.com/developer/msbuild/2003">
  <ItemGroup>
    <Filter Include="Headers">
      <UniqueIdentifier>{93995380-89BD-4b04-88EB-625FBE52EBFB}</UniqueIdentifier>
      <Extensions>h;hh;hpp;hxx;hm;inl;inc;xsd</Extensions>
    </Filter>
    <Filter Include="Headers\Memory">
      <UniqueIdentifier>{b83c2ee4-212e-415e-bc42-80dbcbc064db}</UniqueIdentifier>
    </Filter>
    <Filter Include="Headers\Memory\minhook">
      <UniqueIdentifier>{32a737a1-4e96-4652-b4d0-20b562114689}</UniqueIdentifier>
    </Filter>
    <Filter Include="Headers\ScriptEngine">
      <UniqueIdentifier>{811f732b-e70d-4d5a-bdca-1fb9b1147d69}</UniqueIdentifier>
    </Filter>
    <Filter Include="Headers\lua">
      <UniqueIdentifier>{da38ebfa-dd20-4a40-b229-ef01cfb7efd8}</UniqueIdentifier>
    </Filter>
    <Filter Include="Headers\lua\lua">
      <UniqueIdentifier>{0d4bbb53-fd8b-40e4-9ee8-60764de71697}</UniqueIdentifier>
    </Filter>
    <Filter Include="Headers\lua\luabind">
      <UniqueIdentifier>{7ae30d91-30dd-4f50-b719-e9defaab4504}</UniqueIdentifier>
    </Filter>
    <Filter Include="Headers\ScriptBinds">
      <UniqueIdentifier>{6e80e273-dc94-42c2-aa94-a1ed4a960150}</UniqueIdentifier>
    </Filter>
    <Filter Include="Headers\UTIL">
      <UniqueIdentifier>{02935527-bd44-4d8a-8992-255746977937}</UniqueIdentifier>
    </Filter>
    <Filter Include="Headers\thirdparty">
      <UniqueIdentifier>{77399c76-aba8-40f1-917e-0ce6eb6fae0b}</UniqueIdentifier>
    </Filter>
    <Filter Include="Headers\thirdparty\inih">
      <UniqueIdentifier>{dd7c95fd-0f31-481d-a7db-37a1dacc8072}</UniqueIdentifier>
    </Filter>
    <Filter Include="Headers\thirdparty\SimpleFileWatcher">
      <UniqueIdentifier>{fe1055c9-6293-455e-91c5-cd8bacb3c8d0}</UniqueIdentifier>
    </Filter>
    <Filter Include="Headers\thirdparty\ScriptHookV">
      <UniqueIdentifier>{0a65ea50-02f1-462a-9540-33f3766f094d}</UniqueIdentifier>
    </Filter>
    <Filter Include="Headers\GameEvents">
      <UniqueIdentifier>{71f39713-78b6-4e49-a7fa-0dce46da5155}</UniqueIdentifier>
    </Filter>
    <Filter Include="Sources">
      <UniqueIdentifier>{4FC737F1-C7A5-4376-A066-2A32D752A2FF}</UniqueIdentifier>
      <Extensions>cpp;c;cc;cxx;def;odl;idl;hpj;bat;asm;asmx</Extensions>
    </Filter>
    <Filter Include="Sources\Memory">
      <UniqueIdentifier>{3d10e775-6d25-4cbb-a804-4cc61055f555}</UniqueIdentifier>
    </Filter>
    <Filter Include="Sources\Memory\minhook">
      <UniqueIdentifier>{5cefe737-868a-4b18-8f31-d1c6345fcbf0}</UniqueIdentifier>
    </Filter>
    <Filter Include="Sources\ScriptEngine">
      <UniqueIdentifier>{e4e838db-96ea-43f1-9dba-d6639d00df69}</UniqueIdentifier>
    </Filter>
    <Filter Include="Sources\lua">
      <UniqueIdentifier>{52eeb0ba-e07e-4ae1-941e-ad6f540dded1}</UniqueIdentifier>
    </Filter>
    <Filter Include="Sources\lua\LuaManager">
      <UniqueIdentifier>{149f6787-213b-4782-bef0-2a58a0f39bf2}</UniqueIdentifier>
    </Filter>
    <Filter Include="Sources\ScriptBinds">
      <UniqueIdentifier>{d9ffa6ab-9c71-4fca-a890-80bb261887c8}</UniqueIdentifier>
    </Filter>
    <Filter Include="Sources\UTIL">
      <UniqueIdentifier>{1caa76da-2c2d-477c-9108-f125c6446116}</UniqueIdentifier>
    </Filter>
    <Filter Include="Sources\thirdparty">
      <UniqueIdentifier>{5f9d1fbc-7a21-4479-8002-35831fbdbae2}</UniqueIdentifier>
    </Filter>
    <Filter Include="Sources\thirdparty\inih">
      <UniqueIdentifier>{99a23fdd-bd3e-41fd-93a8-54198a0ddb33}</UniqueIdentifier>
    </Filter>
    <Filter Include="Sources\thirdparty\SimpleFileWatcher">
      <UniqueIdentifier>{02f3248b-1646-4ac8-8e40-3b9ea6e21309}</UniqueIdentifier>
    </Filter>
    <Filter Include="Sources\Configuration">
      <UniqueIdentifier>{e7dd957f-0036-42dc-8356-4375c776a51e}</UniqueIdentifier>
    </Filter>
    <Filter Include="Sources\GameEvents">
      <UniqueIdentifier>{929336ae-42ee-4b46-8628-e8a055a2de0a}</UniqueIdentifier>
    </Filter>
  </ItemGroup>
  <ItemGroup>
    <ClInclude Include="src\GTALua\GTALua.h">
      <Filter>Headers</Filter>
    </ClInclude>
    <ClInclude Include="src\GTALua\Includes.h">
      <Filter>Headers</Filter>
    </ClInclude>
    <ClInclude Include="src\GTALua\Memory\minhook\src\buffer.h">
      <Filter>Headers\Memory\minhook</Filter>
    </ClInclude>
    <ClInclude Include="src\GTALua\thirdparty\SimpleFileWatcher\include\FileWatcher.h">
      <Filter>Headers\thirdparty\SimpleFileWatcher</Filter>
    </ClInclude>
    <ClInclude Include="src\GTALua\thirdparty\SimpleFileWatcher\include\FileWatcherImpl.h">
      <Filter>Headers\thirdparty\SimpleFileWatcher</Filter>
    </ClInclude>
    <ClInclude Include="src\GTALua\thirdparty\SimpleFileWatcher\include\FileWatcherWin32.h">
      <Filter>Headers\thirdparty\SimpleFileWatcher</Filter>
    </ClInclude>
    <ClInclude Include="src\GTALua\Memory\minhook\src\HDE\hde32.h">
      <Filter>Headers\Memory\minhook</Filter>
    </ClInclude>
    <ClInclude Include="src\GTALua\Memory\minhook\src\HDE\hde64.h">
      <Filter>Headers\Memory\minhook</Filter>
    </ClInclude>
    <ClInclude Include="src\GTALua\Memory\GameMemory.h">
      <Filter>Headers\Memory</Filter>
    </ClInclude>
    <ClInclude Include="src\GTALua\lua\ClassWrappers.h">
      <Filter>Headers\lua</Filter>
    </ClInclude>
    <ClInclude Include="src\GTALua\lua\GeneralFunctions.h">
      <Filter>Headers\lua</Filter>
    </ClInclude>
    <ClInclude Include="src\GTALua\thirdparty\inih\ini.h">
      <Filter>Headers\thirdparty\inih</Filter>
    </ClInclude>
    <ClInclude Include="src\GTALua\UTIL\IniFile.h">
      <Filter>Headers\thirdparty\inih</Filter>
    </ClInclude>
    <ClInclude Include="src\GTALua\lua\lua\lauxlib.h">
      <Filter>Headers\lua\lua</Filter>
    </ClInclude>
    <ClInclude Include="src\GTALua\lua\lua\lua.h">
      <Filter>Headers\lua\lua</Filter>
    </ClInclude>
    <ClInclude Include="src\GTALua\lua\Lua.h">
      <Filter>Headers\lua\lua</Filter>
    </ClInclude>
    <ClInclude Include="src\GTALua\lua\lua\luaconf.h">
      <Filter>Headers\lua\lua</Filter>
    </ClInclude>
    <ClInclude Include="src\GTALua\lua\lua\lualib.h">
      <Filter>Headers\lua\lua</Filter>
    </ClInclude>
    <ClInclude Include="src\GTALua\lua\luamanager\LuaManager.h">
      <Filter>Headers\lua</Filter>
    </ClInclude>
    <ClInclude Include="src\GTALua\Memory\Memory.h">
      <Filter>Headers\Memory</Filter>
    </ClInclude>
    <ClInclude Include="src\GTALua\Memory\minhook\include\MinHook.h">
      <Filter>Headers\Memory\minhook</Filter>
    </ClInclude>
    <ClInclude Include="src\GTALua\Memory\minhook\src\HDE\pstdint.h">
      <Filter>Headers\Memory\minhook</Filter>
    </ClInclude>
    <ClInclude Include="src\GTALua\ScriptEngine\rage.h">
      <Filter>Headers\ScriptEngine</Filter>
    </ClInclude>
    <ClInclude Include="src\GTALua\ScriptBinds\ScriptBinds.h">
      <Filter>Headers\ScriptBinds</Filter>
    </ClInclude>
    <ClInclude Include="src\GTALua\ScriptEngine\ScriptEngine.h">
      <Filter>Headers\ScriptEngine</Filter>
    </ClInclude>
    <ClInclude Include="src\GTALua\thirdparty\ScriptHookV\ScriptHookV.h">
      <Filter>Headers\ScriptEngine</Filter>
    </ClInclude>
    <ClInclude Include="src\GTALua\ScriptEngine\Natives.h">
      <Filter>Headers\ScriptEngine</Filter>
    </ClInclude>
    <ClInclude Include="src\GTALua\Memory\minhook\src\HDE\table32.h">
      <Filter>Headers\Memory\minhook</Filter>
    </ClInclude>
    <ClInclude Include="src\GTALua\Memory\minhook\src\HDE\table64.h">
      <Filter>Headers\Memory\minhook</Filter>
    </ClInclude>
    <ClInclude Include="src\GTALua\Memory\minhook\src\trampoline.h">
      <Filter>Headers\Memory\minhook</Filter>
    </ClInclude>
    <ClInclude Include="src\GTALua\UTIL\UTIL.h">
      <Filter>Headers\UTIL</Filter>
    </ClInclude>
    <ClInclude Include="src\GTALua\UTIL\Mutex.h">
      <Filter>Headers\UTIL</Filter>
    </ClInclude>
    <ClInclude Include="src\GTALua\GameEvents\GameEvents.h">
      <Filter>Headers\GameEvents</Filter>
    </ClInclude>
  </ItemGroup>
  <ItemGroup>
    <ClCompile Include="src\GTALua\Console.cpp">
      <Filter>Sources</Filter>
    </ClCompile>
    <ClCompile Include="src\GTALua\DLLMain.cpp">
      <Filter>Sources</Filter>
    </ClCompile>
    <ClCompile Include="src\GTALua\GameHooks.cpp">
      <Filter>Sources</Filter>
    </ClCompile>
    <ClCompile Include="src\GTALua\Main.cpp">
      <Filter>Sources</Filter>
    </ClCompile>
    <ClCompile Include="src\GTALua\Memory\GameMemory.cpp">
      <Filter>Sources\Memory</Filter>
    </ClCompile>
    <ClCompile Include="src\GTALua\Memory\Hooking.cpp">
      <Filter>Sources\Memory</Filter>
    </ClCompile>
    <ClCompile Include="src\GTALua\UTIL\IniFile.cpp">
      <Filter>Sources\thirdparty\inih</Filter>
    </ClCompile>
    <ClCompile Include="src\GTALua\thirdparty\inih\ini.c">
      <Filter>Sources\thirdparty\inih</Filter>
    </ClCompile>
    <ClCompile Include="src\GTALua\ScriptBinds\LB_File.cpp">
      <Filter>Sources\ScriptBinds</Filter>
    </ClCompile>
    <ClCompile Include="src\GTALua\ScriptBinds\LB_GeneralFunctions.cpp">
      <Filter>Sources\ScriptBinds</Filter>
    </ClCompile>
    <ClCompile Include="src\GTALua\ScriptBinds\LB_Memory.cpp">
      <Filter>Sources\ScriptBinds</Filter>
    </ClCompile>
    <ClCompile Include="src\GTALua\ScriptBinds\LB_Natives.cpp">
      <Filter>Sources\ScriptBinds</Filter>
    </ClCompile>
    <ClCompile Include="src\GTALua\ScriptBinds\LB_ScriptHookV.cpp">
      <Filter>Sources\ScriptBinds</Filter>
    </ClCompile>
    <ClCompile Include="src\GTALua\ScriptBinds\LB_ScriptThread.cpp">
      <Filter>Sources\ScriptBinds</Filter>
    </ClCompile>
    <ClCompile Include="src\GTALua\ScriptBinds\LB_Types.cpp">
      <Filter>Sources\ScriptBinds</Filter>
    </ClCompile>
    <ClCompile Include="src\GTALua\lua\GeneralFunctions.cpp">
      <Filter>Sources\lua\LuaManager</Filter>
    </ClCompile>
    <ClCompile Include="src\GTALua\lua\luamanager\LuaManager.cpp">
      <Filter>Sources\lua\LuaManager</Filter>
    </ClCompile>
    <ClCompile Include="src\GTALua\lua\luamanager\LuaManager_Debug.cpp">
      <Filter>Sources\lua\LuaManager</Filter>
    </ClCompile>
    <ClCompile Include="src\GTALua\lua\luamanager\LuaManager_General.cpp">
      <Filter>Sources\lua\LuaManager</Filter>
    </ClCompile>
    <ClCompile Include="src\GTALua\UTIL\UTIL.cpp">
      <Filter>Sources\UTIL</Filter>
    </ClCompile>
    <ClCompile Include="src\GTALua\ScriptEngine\ScriptHookV.cpp">
      <Filter>Sources\ScriptEngine</Filter>
    </ClCompile>
    <ClCompile Include="src\GTALua\ScriptEngine\Natives.cpp">
      <Filter>Sources\ScriptEngine</Filter>
    </ClCompile>
    <ClCompile Include="src\GTALua\Memory\Memory.cpp">
      <Filter>Sources\Memory</Filter>
    </ClCompile>
    <ClCompile Include="src\GTALua\Memory\minhook\src\hook.c">
      <Filter>Sources\Memory\minhook</Filter>
    </ClCompile>
    <ClCompile Include="src\GTALua\Memory\minhook\src\buffer.c">
      <Filter>Sources\Memory\minhook</Filter>
    </ClCompile>
    <ClCompile Include="src\GTALua\Memory\minhook\src\HDE\hde32.c">
      <Filter>Sources\Memory\minhook</Filter>
    </ClCompile>
    <ClCompile Include="src\GTALua\Memory\minhook\src\HDE\hde64.c">
      <Filter>Sources\Memory\minhook</Filter>
    </ClCompile>
    <ClCompile Include="src\GTALua\Memory\minhook\src\trampoline.c">
      <Filter>Sources\Memory\minhook</Filter>
    </ClCompile>
    <ClCompile Include="src\GTALua\API.cpp">
      <Filter>Sources</Filter>
    </ClCompile>
    <ClCompile Include="src\GTALua\ScriptBinds\LB_MainScriptThread.cpp">
      <Filter>Sources\ScriptBinds</Filter>
    </ClCompile>
    <ClCompile Include="src\GTALua\Configuration\NativeCallLayoutsINI.cpp">
      <Filter>Sources\Configuration</Filter>
    </ClCompile>
    <ClCompile Include="src\GTALua\Configuration\GTALuaINI.cpp">
      <Filter>Sources\Configuration</Filter>
    </ClCompile>
    <ClCompile Include="src\GTALua\Configuration\NativesINI.cpp">
      <Filter>Sources\Configuration</Filter>
    </ClCompile>
    <ClCompile Include="src\GTALua\UTIL\Mutex.cpp">
      <Filter>Sources\UTIL</Filter>
    </ClCompile>
    <ClCompile Include="src\GTALua\GameEvents\GameEvents.cpp">
      <Filter>Sources\GameEvents</Filter>
    </ClCompile>
    <ClCompile Include="src\GTALua\GameEvents\OnPedCreated.cpp">
      <Filter>Sources\GameEvents</Filter>
    </ClCompile>
    <ClCompile Include="src\GTALua\GameEvents\Entity.cpp">
      <Filter>Sources\GameEvents</Filter>
    </ClCompile>
    <ClCompile Include="src\GTALua\GameEvents\OnVehicleCreated.cpp">
      <Filter>Sources\GameEvents</Filter>
    </ClCompile>
  </ItemGroup>
</Project>