<?xml version="1.0" encoding="utf-8"?>
<Project ToolsVersion="4.0" xmlns="http://schemas.microsoft.com/developer/msbuild/2003">
  <ItemGroup>
    <Filter Include="Quelldateien">
      <UniqueIdentifier>{4FC737F1-C7A5-4376-A066-2A32D752A2FF}</UniqueIdentifier>
      <Extensions>cpp;c;cc;cxx;def;odl;idl;hpj;bat;asm;asmx</Extensions>
    </Filter>
    <Filter Include="Headerdateien">
      <UniqueIdentifier>{93995380-89BD-4b04-88EB-625FBE52EBFB}</UniqueIdentifier>
      <Extensions>h;hh;hpp;hxx;hm;inl;inc;xsd</Extensions>
    </Filter>
    <Filter Include="Headerdateien\Memory">
      <UniqueIdentifier>{b83c2ee4-212e-415e-bc42-80dbcbc064db}</UniqueIdentifier>
    </Filter>
    <Filter Include="Headerdateien\Memory\minhook">
      <UniqueIdentifier>{32a737a1-4e96-4652-b4d0-20b562114689}</UniqueIdentifier>
    </Filter>
    <Filter Include="Quelldateien\Memory">
      <UniqueIdentifier>{3d10e775-6d25-4cbb-a804-4cc61055f555}</UniqueIdentifier>
    </Filter>
    <Filter Include="Quelldateien\Memory\minhook">
      <UniqueIdentifier>{5cefe737-868a-4b18-8f31-d1c6345fcbf0}</UniqueIdentifier>
    </Filter>
    <Filter Include="Headerdateien\ScriptEngine">
      <UniqueIdentifier>{811f732b-e70d-4d5a-bdca-1fb9b1147d69}</UniqueIdentifier>
    </Filter>
    <Filter Include="Quelldateien\ScriptEngine">
      <UniqueIdentifier>{e4e838db-96ea-43f1-9dba-d6639d00df69}</UniqueIdentifier>
    </Filter>
    <Filter Include="Headerdateien\lua">
      <UniqueIdentifier>{da38ebfa-dd20-4a40-b229-ef01cfb7efd8}</UniqueIdentifier>
    </Filter>
    <Filter Include="Headerdateien\lua\lua">
      <UniqueIdentifier>{0d4bbb53-fd8b-40e4-9ee8-60764de71697}</UniqueIdentifier>
    </Filter>
    <Filter Include="Headerdateien\lua\luabind">
      <UniqueIdentifier>{7ae30d91-30dd-4f50-b719-e9defaab4504}</UniqueIdentifier>
    </Filter>
    <Filter Include="Quelldateien\lua">
      <UniqueIdentifier>{52eeb0ba-e07e-4ae1-941e-ad6f540dded1}</UniqueIdentifier>
    </Filter>
    <Filter Include="Quelldateien\lua\LuaManager">
      <UniqueIdentifier>{149f6787-213b-4782-bef0-2a58a0f39bf2}</UniqueIdentifier>
    </Filter>
    <Filter Include="Headerdateien\ScriptBinds">
      <UniqueIdentifier>{6e80e273-dc94-42c2-aa94-a1ed4a960150}</UniqueIdentifier>
    </Filter>
    <Filter Include="Quelldateien\ScriptBinds">
      <UniqueIdentifier>{d9ffa6ab-9c71-4fca-a890-80bb261887c8}</UniqueIdentifier>
    </Filter>
    <Filter Include="Quelldateien\UTIL">
      <UniqueIdentifier>{1caa76da-2c2d-477c-9108-f125c6446116}</UniqueIdentifier>
    </Filter>
    <Filter Include="Headerdateien\UTIL">
      <UniqueIdentifier>{02935527-bd44-4d8a-8992-255746977937}</UniqueIdentifier>
    </Filter>
    <Filter Include="Quelldateien\thirdparty">
      <UniqueIdentifier>{5f9d1fbc-7a21-4479-8002-35831fbdbae2}</UniqueIdentifier>
    </Filter>
    <Filter Include="Quelldateien\thirdparty\inih">
      <UniqueIdentifier>{99a23fdd-bd3e-41fd-93a8-54198a0ddb33}</UniqueIdentifier>
    </Filter>
    <Filter Include="Headerdateien\thirdparty">
      <UniqueIdentifier>{77399c76-aba8-40f1-917e-0ce6eb6fae0b}</UniqueIdentifier>
    </Filter>
    <Filter Include="Headerdateien\thirdparty\inih">
      <UniqueIdentifier>{dd7c95fd-0f31-481d-a7db-37a1dacc8072}</UniqueIdentifier>
    </Filter>
    <Filter Include="Quelldateien\Configuration">
      <UniqueIdentifier>{e7dd957f-0036-42dc-8356-4375c776a51e}</UniqueIdentifier>
    </Filter>
    <Filter Include="Headerdateien\thirdparty\SimpleFileWatcher">
      <UniqueIdentifier>{fe1055c9-6293-455e-91c5-cd8bacb3c8d0}</UniqueIdentifier>
    </Filter>
    <Filter Include="Quelldateien\thirdparty\SimpleFileWatcher">
      <UniqueIdentifier>{02f3248b-1646-4ac8-8e40-3b9ea6e21309}</UniqueIdentifier>
    </Filter>
    <Filter Include="Quelldateien\Ressourcendateien">
      <UniqueIdentifier>{67DA6AB6-F800-4c08-8B7A-83BB121AAD01}</UniqueIdentifier>
      <Extensions>rc;ico;cur;bmp;dlg;rc2;rct;bin;rgs;gif;jpg;jpeg;jpe;resx;tiff;tif;png;wav;mfcribbon-ms</Extensions>
    </Filter>
    <Filter Include="Headerdateien\thirdparty\ScriptHookV">
      <UniqueIdentifier>{0a65ea50-02f1-462a-9540-33f3766f094d}</UniqueIdentifier>
    </Filter>
  </ItemGroup>
  <ItemGroup>
    <ClInclude Include="src\Includes.h">
      <Filter>Headerdateien</Filter>
    </ClInclude>
    <ClInclude Include="src\GTALua.h">
      <Filter>Headerdateien</Filter>
    </ClInclude>
    <ClInclude Include="src\Memory\Memory.h">
      <Filter>Headerdateien\Memory</Filter>
    </ClInclude>
    <ClInclude Include="src\Memory\minhook\include\MinHook.h">
      <Filter>Headerdateien\Memory\minhook</Filter>
    </ClInclude>
    <ClInclude Include="src\Memory\minhook\src\trampoline.h">
      <Filter>Headerdateien\Memory\minhook</Filter>
    </ClInclude>
    <ClInclude Include="src\Memory\minhook\src\buffer.h">
      <Filter>Headerdateien\Memory\minhook</Filter>
    </ClInclude>
    <ClInclude Include="src\Memory\minhook\src\HDE\hde32.h">
      <Filter>Headerdateien\Memory\minhook</Filter>
    </ClInclude>
    <ClInclude Include="src\Memory\minhook\src\HDE\hde64.h">
      <Filter>Headerdateien\Memory\minhook</Filter>
    </ClInclude>
    <ClInclude Include="src\Memory\minhook\src\HDE\pstdint.h">
      <Filter>Headerdateien\Memory\minhook</Filter>
    </ClInclude>
    <ClInclude Include="src\Memory\minhook\src\HDE\table32.h">
      <Filter>Headerdateien\Memory\minhook</Filter>
    </ClInclude>
    <ClInclude Include="src\Memory\minhook\src\HDE\table64.h">
      <Filter>Headerdateien\Memory\minhook</Filter>
    </ClInclude>
    <ClInclude Include="src\Memory\GameMemory.h">
      <Filter>Headerdateien\Memory</Filter>
    </ClInclude>
    <ClInclude Include="src\ScriptEngine\ScriptEngine.h">
      <Filter>Headerdateien\ScriptEngine</Filter>
    </ClInclude>
    <ClInclude Include="src\ScriptEngine\rage.h">
      <Filter>Headerdateien\ScriptEngine</Filter>
    </ClInclude>
    <ClInclude Include="src\lua\ClassWrappers.h">
      <Filter>Headerdateien\lua</Filter>
    </ClInclude>
    <ClInclude Include="src\lua\GeneralFunctions.h">
      <Filter>Headerdateien\lua</Filter>
    </ClInclude>
    <ClInclude Include="src\lua\Lua.h">
      <Filter>Headerdateien\lua</Filter>
    </ClInclude>
    <ClInclude Include="src\lua\lua\lauxlib.h">
      <Filter>Headerdateien\lua\lua</Filter>
    </ClInclude>
    <ClInclude Include="src\lua\lua\lua.h">
      <Filter>Headerdateien\lua\lua</Filter>
    </ClInclude>
    <ClInclude Include="src\lua\lua\luaconf.h">
      <Filter>Headerdateien\lua\lua</Filter>
    </ClInclude>
    <ClInclude Include="src\lua\lua\lualib.h">
      <Filter>Headerdateien\lua\lua</Filter>
    </ClInclude>
    <ClInclude Include="src\lua\luabind\adopt_policy.hpp">
      <Filter>Headerdateien\lua\luabind</Filter>
    </ClInclude>
    <ClInclude Include="src\lua\luabind\back_reference.hpp">
      <Filter>Headerdateien\lua\luabind</Filter>
    </ClInclude>
    <ClInclude Include="src\lua\luabind\back_reference_fwd.hpp">
      <Filter>Headerdateien\lua\luabind</Filter>
    </ClInclude>
    <ClInclude Include="src\lua\luabind\detail\call.hpp">
      <Filter>Headerdateien\lua\luabind</Filter>
    </ClInclude>
    <ClInclude Include="src\lua\luabind\detail\call_function.hpp">
      <Filter>Headerdateien\lua\luabind</Filter>
    </ClInclude>
    <ClInclude Include="src\lua\luabind\detail\call_member.hpp">
      <Filter>Headerdateien\lua\luabind</Filter>
    </ClInclude>
    <ClInclude Include="src\lua\luabind\detail\call_operator_iterate.hpp">
      <Filter>Headerdateien\lua\luabind</Filter>
    </ClInclude>
    <ClInclude Include="src\lua\luabind\class.hpp">
      <Filter>Headerdateien\lua\luabind</Filter>
    </ClInclude>
    <ClInclude Include="src\lua\luabind\class_info.hpp">
      <Filter>Headerdateien\lua\luabind</Filter>
    </ClInclude>
    <ClInclude Include="src\lua\luabind\detail\class_registry.hpp">
      <Filter>Headerdateien\lua\luabind</Filter>
    </ClInclude>
    <ClInclude Include="src\lua\luabind\detail\class_rep.hpp">
      <Filter>Headerdateien\lua\luabind</Filter>
    </ClInclude>
    <ClInclude Include="src\lua\luabind\config.hpp">
      <Filter>Headerdateien\lua\luabind</Filter>
    </ClInclude>
    <ClInclude Include="src\lua\luabind\detail\constructor.hpp">
      <Filter>Headerdateien\lua\luabind</Filter>
    </ClInclude>
    <ClInclude Include="src\lua\luabind\container_policy.hpp">
      <Filter>Headerdateien\lua\luabind</Filter>
    </ClInclude>
    <ClInclude Include="src\lua\luabind\detail\conversion_storage.hpp">
      <Filter>Headerdateien\lua\luabind</Filter>
    </ClInclude>
    <ClInclude Include="src\lua\luabind\detail\convert_to_lua.hpp">
      <Filter>Headerdateien\lua\luabind</Filter>
    </ClInclude>
    <ClInclude Include="src\lua\luabind\copy_policy.hpp">
      <Filter>Headerdateien\lua\luabind</Filter>
    </ClInclude>
    <ClInclude Include="src\lua\luabind\detail\debug.hpp">
      <Filter>Headerdateien\lua\luabind</Filter>
    </ClInclude>
    <ClInclude Include="src\lua\luabind\detail\decorate_type.hpp">
      <Filter>Headerdateien\lua\luabind</Filter>
    </ClInclude>
    <ClInclude Include="src\lua\luabind\detail\deduce_signature.hpp">
      <Filter>Headerdateien\lua\luabind</Filter>
    </ClInclude>
    <ClInclude Include="src\lua\luabind\dependency_policy.hpp">
      <Filter>Headerdateien\lua\luabind</Filter>
    </ClInclude>
    <ClInclude Include="src\lua\luabind\discard_result_policy.hpp">
      <Filter>Headerdateien\lua\luabind</Filter>
    </ClInclude>
    <ClInclude Include="src\lua\luabind\detail\enum_maker.hpp">
      <Filter>Headerdateien\lua\luabind</Filter>
    </ClInclude>
    <ClInclude Include="src\lua\luabind\error.hpp">
      <Filter>Headerdateien\lua\luabind</Filter>
    </ClInclude>
    <ClInclude Include="src\lua\luabind\exception_handler.hpp">
      <Filter>Headerdateien\lua\luabind</Filter>
    </ClInclude>
    <ClInclude Include="src\lua\luabind\detail\format_signature.hpp">
      <Filter>Headerdateien\lua\luabind</Filter>
    </ClInclude>
    <ClInclude Include="src\lua\luabind\from_stack.hpp">
      <Filter>Headerdateien\lua\luabind</Filter>
    </ClInclude>
    <ClInclude Include="src\lua\luabind\function.hpp">
      <Filter>Headerdateien\lua\luabind</Filter>
    </ClInclude>
    <ClInclude Include="src\lua\luabind\detail\garbage_collector.hpp">
      <Filter>Headerdateien\lua\luabind</Filter>
    </ClInclude>
    <ClInclude Include="src\lua\luabind\get_main_thread.hpp">
      <Filter>Headerdateien\lua\luabind</Filter>
    </ClInclude>
    <ClInclude Include="src\lua\luabind\get_pointer.hpp">
      <Filter>Headerdateien\lua\luabind</Filter>
    </ClInclude>
    <ClInclude Include="src\lua\luabind\handle.hpp">
      <Filter>Headerdateien\lua\luabind</Filter>
    </ClInclude>
    <ClInclude Include="src\lua\luabind\detail\has_get_pointer.hpp">
      <Filter>Headerdateien\lua\luabind</Filter>
    </ClInclude>
    <ClInclude Include="src\lua\luabind\detail\inheritance.hpp">
      <Filter>Headerdateien\lua\luabind</Filter>
    </ClInclude>
    <ClInclude Include="src\lua\luabind\detail\instance_holder.hpp">
      <Filter>Headerdateien\lua\luabind</Filter>
    </ClInclude>
    <ClInclude Include="src\lua\luabind\iterator_policy.hpp">
      <Filter>Headerdateien\lua\luabind</Filter>
    </ClInclude>
    <ClInclude Include="src\lua\luabind\detail\link_compatibility.hpp">
      <Filter>Headerdateien\lua\luabind</Filter>
    </ClInclude>
    <ClInclude Include="src\lua\luabind\lua_include.hpp">
      <Filter>Headerdateien\lua\luabind</Filter>
    </ClInclude>
    <ClInclude Include="src\lua\luabind\luabind.hpp">
      <Filter>Headerdateien\lua\luabind</Filter>
    </ClInclude>
    <ClInclude Include="src\lua\luabind\make_function.hpp">
      <Filter>Headerdateien\lua\luabind</Filter>
    </ClInclude>
    <ClInclude Include="src\lua\luabind\detail\make_instance.hpp">
      <Filter>Headerdateien\lua\luabind</Filter>
    </ClInclude>
    <ClInclude Include="src\lua\luabind\detail\most_derived.hpp">
      <Filter>Headerdateien\lua\luabind</Filter>
    </ClInclude>
    <ClInclude Include="src\lua\luabind\nil.hpp">
      <Filter>Headerdateien\lua\luabind</Filter>
    </ClInclude>
    <ClInclude Include="src\lua\luabind\no_dependency.hpp">
      <Filter>Headerdateien\lua\luabind</Filter>
    </ClInclude>
    <ClInclude Include="src\lua\luabind\object.hpp">
      <Filter>Headerdateien\lua\luabind</Filter>
    </ClInclude>
    <ClInclude Include="src\lua\luabind\detail\object_call.hpp">
      <Filter>Headerdateien\lua\luabind</Filter>
    </ClInclude>
    <ClInclude Include="src\lua\luabind\detail\object_rep.hpp">
      <Filter>Headerdateien\lua\luabind</Filter>
    </ClInclude>
    <ClInclude Include="src\lua\luabind\detail\open.hpp">
      <Filter>Headerdateien\lua\luabind</Filter>
    </ClInclude>
    <ClInclude Include="src\lua\luabind\open.hpp">
      <Filter>Headerdateien\lua\luabind</Filter>
    </ClInclude>
    <ClInclude Include="src\lua\luabind\operator.hpp">
      <Filter>Headerdateien\lua\luabind</Filter>
    </ClInclude>
    <ClInclude Include="src\lua\luabind\detail\operator_id.hpp">
      <Filter>Headerdateien\lua\luabind</Filter>
    </ClInclude>
    <ClInclude Include="src\lua\luabind\detail\other.hpp">
      <Filter>Headerdateien\lua\luabind</Filter>
    </ClInclude>
    <ClInclude Include="src\lua\luabind\out_value_policy.hpp">
      <Filter>Headerdateien\lua\luabind</Filter>
    </ClInclude>
    <ClInclude Include="src\lua\luabind\detail\pcall.hpp">
      <Filter>Headerdateien\lua\luabind</Filter>
    </ClInclude>
    <ClInclude Include="src\lua\luabind\detail\pointee_sizeof.hpp">
      <Filter>Headerdateien\lua\luabind</Filter>
    </ClInclude>
    <ClInclude Include="src\lua\luabind\detail\pointee_typeid.hpp">
      <Filter>Headerdateien\lua\luabind</Filter>
    </ClInclude>
    <ClInclude Include="src\lua\luabind\detail\policy.hpp">
      <Filter>Headerdateien\lua\luabind</Filter>
    </ClInclude>
    <ClInclude Include="src\lua\luabind\prefix.hpp">
      <Filter>Headerdateien\lua\luabind</Filter>
    </ClInclude>
    <ClInclude Include="src\lua\luabind\detail\primitives.hpp">
      <Filter>Headerdateien\lua\luabind</Filter>
    </ClInclude>
    <ClInclude Include="src\lua\luabind\detail\property.hpp">
      <Filter>Headerdateien\lua\luabind</Filter>
    </ClInclude>
    <ClInclude Include="src\lua\luabind\raw_policy.hpp">
      <Filter>Headerdateien\lua\luabind</Filter>
    </ClInclude>
    <ClInclude Include="src\lua\luabind\detail\ref.hpp">
      <Filter>Headerdateien\lua\luabind</Filter>
    </ClInclude>
    <ClInclude Include="src\lua\luabind\return_reference_to_policy.hpp">
      <Filter>Headerdateien\lua\luabind</Filter>
    </ClInclude>
    <ClInclude Include="src\lua\luabind\scope.hpp">
      <Filter>Headerdateien\lua\luabind</Filter>
    </ClInclude>
    <ClInclude Include="src\lua\luabind\shared_ptr_converter.hpp">
      <Filter>Headerdateien\lua\luabind</Filter>
    </ClInclude>
    <ClInclude Include="src\lua\luabind\detail\signature_match.hpp">
      <Filter>Headerdateien\lua\luabind</Filter>
    </ClInclude>
    <ClInclude Include="src\lua\luabind\detail\stack_utils.hpp">
      <Filter>Headerdateien\lua\luabind</Filter>
    </ClInclude>
    <ClInclude Include="src\lua\luabind\tag_function.hpp">
      <Filter>Headerdateien\lua\luabind</Filter>
    </ClInclude>
    <ClInclude Include="src\lua\luabind\typeid.hpp">
      <Filter>Headerdateien\lua\luabind</Filter>
    </ClInclude>
    <ClInclude Include="src\lua\luabind\detail\typetraits.hpp">
      <Filter>Headerdateien\lua\luabind</Filter>
    </ClInclude>
    <ClInclude Include="src\lua\luabind\value_wrapper.hpp">
      <Filter>Headerdateien\lua\luabind</Filter>
    </ClInclude>
    <ClInclude Include="src\lua\luabind\version.hpp">
      <Filter>Headerdateien\lua\luabind</Filter>
    </ClInclude>
    <ClInclude Include="src\lua\luabind\weak_ref.hpp">
      <Filter>Headerdateien\lua\luabind</Filter>
    </ClInclude>
    <ClInclude Include="src\lua\luabind\wrapper_base.hpp">
      <Filter>Headerdateien\lua\luabind</Filter>
    </ClInclude>
    <ClInclude Include="src\lua\luabind\detail\yes_no.hpp">
      <Filter>Headerdateien\lua\luabind</Filter>
    </ClInclude>
    <ClInclude Include="src\lua\luabind\yield_policy.hpp">
      <Filter>Headerdateien\lua\luabind</Filter>
    </ClInclude>
    <ClInclude Include="src\lua\luamanager\LuaManager.h">
      <Filter>Headerdateien\lua</Filter>
    </ClInclude>
    <ClInclude Include="src\ScriptBinds\ScriptBinds.h">
      <Filter>Headerdateien\ScriptBinds</Filter>
    </ClInclude>
    <ClInclude Include="src\UTIL\UTIL.h">
      <Filter>Headerdateien\UTIL</Filter>
    </ClInclude>
    <ClInclude Include="src\thirdparty\inih\ini.h">
      <Filter>Headerdateien\thirdparty\inih</Filter>
    </ClInclude>
    <ClInclude Include="src\UTIL\IniFile.h">
      <Filter>Headerdateien\UTIL</Filter>
    </ClInclude>
    <ClInclude Include="src\ScriptEngine\Natives.h">
      <Filter>Headerdateien\ScriptEngine</Filter>
    </ClInclude>
    <ClInclude Include="src\thirdparty\SimpleFileWatcher\include\FileWatcher.h">
      <Filter>Headerdateien\thirdparty\SimpleFileWatcher</Filter>
    </ClInclude>
    <ClInclude Include="src\thirdparty\SimpleFileWatcher\include\FileWatcherImpl.h">
      <Filter>Headerdateien\thirdparty\SimpleFileWatcher</Filter>
    </ClInclude>
    <ClInclude Include="src\thirdparty\SimpleFileWatcher\include\FileWatcherWin32.h">
      <Filter>Headerdateien\thirdparty\SimpleFileWatcher</Filter>
    </ClInclude>
    <ClInclude Include="src\thirdparty\ScriptHookV\ScriptHookV.h">
      <Filter>Headerdateien\thirdparty\ScriptHookV</Filter>
    </ClInclude>
  </ItemGroup>
  <ItemGroup>
    <ClCompile Include="src\DLLMain.cpp">
      <Filter>Quelldateien</Filter>
    </ClCompile>
    <ClCompile Include="src\Memory\minhook\src\buffer.c">
      <Filter>Quelldateien\Memory\minhook</Filter>
    </ClCompile>
    <ClCompile Include="src\Memory\minhook\src\hook.c">
      <Filter>Quelldateien\Memory\minhook</Filter>
    </ClCompile>
    <ClCompile Include="src\Memory\minhook\src\trampoline.c">
      <Filter>Quelldateien\Memory\minhook</Filter>
    </ClCompile>
    <ClCompile Include="src\Memory\minhook\src\HDE\hde32.c">
      <Filter>Quelldateien\Memory\minhook</Filter>
    </ClCompile>
    <ClCompile Include="src\Memory\minhook\src\HDE\hde64.c">
      <Filter>Quelldateien\Memory\minhook</Filter>
    </ClCompile>
    <ClCompile Include="src\Memory\Memory.cpp">
      <Filter>Quelldateien\Memory</Filter>
    </ClCompile>
    <ClCompile Include="src\Memory\GameMemory.cpp">
      <Filter>Quelldateien\Memory</Filter>
    </ClCompile>
    <ClCompile Include="src\Main.cpp">
      <Filter>Quelldateien</Filter>
    </ClCompile>
    <ClCompile Include="src\GameHooks.cpp">
      <Filter>Quelldateien</Filter>
    </ClCompile>
    <ClCompile Include="src\Memory\Hooking.cpp">
      <Filter>Quelldateien\Memory</Filter>
    </ClCompile>
    <ClCompile Include="src\lua\luamanager\LuaManager_General.cpp">
      <Filter>Quelldateien\lua\LuaManager</Filter>
    </ClCompile>
    <ClCompile Include="src\lua\luamanager\LuaManager.cpp">
      <Filter>Quelldateien\lua\LuaManager</Filter>
    </ClCompile>
    <ClCompile Include="src\lua\luamanager\LuaManager_Debug.cpp">
      <Filter>Quelldateien\lua\LuaManager</Filter>
    </ClCompile>
    <ClCompile Include="src\ScriptBinds\LB_Console.cpp">
      <Filter>Quelldateien\ScriptBinds</Filter>
    </ClCompile>
    <ClCompile Include="src\ScriptBinds\LB_GeneralFunctions.cpp">
      <Filter>Quelldateien\ScriptBinds</Filter>
    </ClCompile>
    <ClCompile Include="src\lua\GeneralFunctions.cpp">
      <Filter>Quelldateien\lua\LuaManager</Filter>
    </ClCompile>
    <ClCompile Include="src\UTIL\UTIL.cpp">
      <Filter>Quelldateien\UTIL</Filter>
    </ClCompile>
    <ClCompile Include="src\thirdparty\inih\ini.c">
      <Filter>Quelldateien\thirdparty\inih</Filter>
    </ClCompile>
    <ClCompile Include="src\UTIL\IniFile.cpp">
      <Filter>Quelldateien\UTIL</Filter>
    </ClCompile>
    <ClCompile Include="src\ScriptBinds\LB_Natives.cpp">
      <Filter>Quelldateien\ScriptBinds</Filter>
    </ClCompile>
    <ClCompile Include="src\NativesINI.cpp">
      <Filter>Quelldateien\Configuration</Filter>
    </ClCompile>
    <ClCompile Include="src\ScriptBinds\NativeCallLayoutsINI.cpp">
      <Filter>Quelldateien\Configuration</Filter>
    </ClCompile>
    <ClCompile Include="src\ScriptEngine\Natives.cpp">
      <Filter>Quelldateien\ScriptEngine</Filter>
    </ClCompile>
    <ClCompile Include="src\ScriptBinds\LB_Types.cpp">
      <Filter>Quelldateien\ScriptBinds</Filter>
    </ClCompile>
    <ClCompile Include="src\ScriptBinds\LB_File.cpp">
      <Filter>Quelldateien\ScriptBinds</Filter>
    </ClCompile>
    <ClCompile Include="src\ScriptBinds\LB_ScriptThread.cpp">
      <Filter>Quelldateien\ScriptBinds</Filter>
    </ClCompile>
    <ClCompile Include="src\Console.cpp">
      <Filter>Quelldateien</Filter>
    </ClCompile>
    <ClCompile Include="src\ScriptBinds\LB_Memory.cpp">
      <Filter>Quelldateien\ScriptBinds</Filter>
    </ClCompile>
    <ClCompile Include="src\ScriptEngine\ScriptHookV.cpp">
      <Filter>Quelldateien\ScriptEngine</Filter>
    </ClCompile>
    <ClCompile Include="src\ScriptBinds\LB_ScriptHookV.cpp">
      <Filter>Quelldateien\ScriptBinds</Filter>
    </ClCompile>
  </ItemGroup>
</Project>